
Microsoft Visual Studio Solution File, Format Version 12.00
# Visual Studio Version 17
VisualStudioVersion = 17.6.33829.357
MinimumVisualStudioVersion = 10.0.40219.1
Project("{8BC9CEB8-8B4A-11D0-8D11-00A0C91BC942}") = "MonsterGroup", "MonsterGroup\MonsterGroup.vcxproj", "{621D7772-3811-48D6-B814-7B8AFEAC3B1A}"
EndProject
Global
	GlobalSection(SolutionConfigurationPlatforms) = preSolution
		Debug|ARM = Debug|ARM
		Debug|ARM64 = Debug|ARM64
		Debug|x64 = Debug|x64
		Debug|x86 = Debug|x86
		Release|ARM = Release|ARM
		Release|ARM64 = Release|ARM64
		Release|x64 = Release|x64
		Release|x86 = Release|x86
	EndGlobalSection
	GlobalSection(ProjectConfigurationPlatforms) = postSolution
		{621D7772-3811-48D6-B814-7B8AFEAC3B1A}.Debug|ARM.ActiveCfg = Debug|ARM
		{621D7772-3811-48D6-B814-7B8AFEAC3B1A}.Debug|ARM.Build.0 = Debug|ARM
		{621D7772-3811-48D6-B814-7B8AFEAC3B1A}.Debug|ARM.Deploy.0 = Debug|ARM
		{621D7772-3811-48D6-B814-7B8AFEAC3B1A}.Debug|ARM64.ActiveCfg = Debug|ARM64
		{621D7772-3811-48D6-B814-7B8AFEAC3B1A}.Debug|ARM64.Build.0 = Debug|ARM64
		{621D7772-3811-48D6-B814-7B8AFEAC3B1A}.Debug|ARM64.Deploy.0 = Debug|ARM64
		{621D7772-3811-48D6-B814-7B8AFEAC3B1A}.Debug|x64.ActiveCfg = Debug|x64
		{621D7772-3811-48D6-B814-7B8AFEAC3B1A}.Debug|x64.Build.0 = Debug|x64
		{621D7772-3811-48D6-B814-7B8AFEAC3B1A}.Debug|x64.Deploy.0 = Debug|x64
		{621D7772-3811-48D6-B814-7B8AFEAC3B1A}.Debug|x86.ActiveCfg = Debug|x86
		{621D7772-3811-48D6-B814-7B8AFEAC3B1A}.Debug|x86.Build.0 = Debug|x86
		{621D7772-3811-48D6-B814-7B8AFEAC3B1A}.Debug|x86.Deploy.0 = Debug|x86
		{621D7772-3811-48D6-B814-7B8AFEAC3B1A}.Release|ARM.ActiveCfg = Release|ARM
		{621D7772-3811-48D6-B814-7B8AFEAC3B1A}.Release|ARM.Build.0 = Release|ARM
		{621D7772-3811-48D6-B814-7B8AFEAC3B1A}.Release|ARM.Deploy.0 = Release|ARM
		{621D7772-3811-48D6-B814-7B8AFEAC3B1A}.Release|ARM64.ActiveCfg = Release|ARM64
		{621D7772-3811-48D6-B814-7B8AFEAC3B1A}.Release|ARM64.Build.0 = Release|ARM64
		{621D7772-3811-48D6-B814-7B8AFEAC3B1A}.Release|ARM64.Deploy.0 = Release|ARM64
		{621D7772-3811-48D6-B814-7B8AFEAC3B1A}.Release|x64.ActiveCfg = Release|x64
		{621D7772-3811-48D6-B814-7B8AFEAC3B1A}.Release|x64.Build.0 = Release|x64
		{621D7772-3811-48D6-B814-7B8AFEAC3B1A}.Release|x64.Deploy.0 = Release|x64
		{621D7772-3811-48D6-B814-7B8AFEAC3B1A}.Release|x86.ActiveCfg = Release|x86
		{621D7772-3811-48D6-B814-7B8AFEAC3B1A}.Release|x86.Build.0 = Release|x86
		{621D7772-3811-48D6-B814-7B8AFEAC3B1A}.Release|x86.Deploy.0 = Release|x86
	EndGlobalSection
	GlobalSection(SolutionProperties) = preSolution
		HideSolutionNode = FALSE
	EndGlobalSection
	GlobalSection(ExtensibilityGlobals) = postSolution
		SolutionGuid = {CA9D2875-35F3-4E4C-B0C9-1FDBD9AB1833}
	EndGlobalSection
EndGlobal
